
Microsoft Visual Studio Solution File, Format Version 12.00
# Visual Studio Version 16
VisualStudioVersion = 16.0.31624.102
MinimumVisualStudioVersion = 10.0.40219.1
Project("{888888A0-9F3D-457C-B088-3A5042F75D52}") = "game_chim", "game_chim\game_chim.pyproj", "{066BD66D-A571-48D1-A164-EBEB9880E10E}"
EndProject
Global
	GlobalSection(SolutionConfigurationPlatforms) = preSolution
		Debug|Any CPU = Debug|Any CPU
		Release|Any CPU = Release|Any CPU
	EndGlobalSection
	GlobalSection(ProjectConfigurationPlatforms) = postSolution
		{066BD66D-A571-48D1-A164-EBEB9880E10E}.Debug|Any CPU.ActiveCfg = Debug|Any CPU
		{066BD66D-A571-48D1-A164-EBEB9880E10E}.Release|Any CPU.ActiveCfg = Release|Any CPU
	EndGlobalSection
	GlobalSection(SolutionProperties) = preSolution
		HideSolutionNode = FALSE
	EndGlobalSection
	GlobalSection(ExtensibilityGlobals) = postSolution
		SolutionGuid = {FE4FEFFF-F1B5-432E-90B4-2C36639BB8A2}
	EndGlobalSection
EndGlobal
